// !$*UTF8*$!
{
	archiveVersion = 1;
	classes = {
	};
	objectVersion = 46;
	objects = {

/* Begin PBXBuildFile section */
		AAF03D0E1BF10DEC00A45586 /* main.m in Sources */ = {isa = PBXBuildFile; fileRef = AAF03D0D1BF10DEC00A45586 /* main.m */; };
		AAF03D111BF10DEC00A45586 /* AppDelegate.m in Sources */ = {isa = PBXBuildFile; fileRef = AAF03D101BF10DEC00A45586 /* AppDelegate.m */; };
		AAF03D171BF10DEC00A45586 /* Main.storyboard in Resources */ = {isa = PBXBuildFile; fileRef = AAF03D151BF10DEC00A45586 /* Main.storyboard */; };
		AAF03D191BF10DEC00A45586 /* Assets.xcassets in Resources */ = {isa = PBXBuildFile; fileRef = AAF03D181BF10DEC00A45586 /* Assets.xcassets */; };
		AAF03D1C1BF10DEC00A45586 /* LaunchScreen.storyboard in Resources */ = {isa = PBXBuildFile; fileRef = AAF03D1A1BF10DEC00A45586 /* LaunchScreen.storyboard */; };
		AAF03D241BF10E7800A45586 /* digital-7.ttf in Resources */ = {isa = PBXBuildFile; fileRef = AAF03D231BF10E7800A45586 /* digital-7.ttf */; };
		AAF03D271BF111A700A45586 /* DatePickerViewController.m in Sources */ = {isa = PBXBuildFile; fileRef = AAF03D261BF111A700A45586 /* DatePickerViewController.m */; };
		AAF03D2A1BF1125A00A45586 /* TimeCircuitsViewController.m in Sources */ = {isa = PBXBuildFile; fileRef = AAF03D291BF1125A00A45586 /* TimeCircuitsViewController.m */; };
/* End PBXBuildFile section */

/* Begin PBXFileReference section */
		AAF03D091BF10DEC00A45586 /* OutaTime Redux.app */ = {isa = PBXFileReference; explicitFileType = wrapper.application; includeInIndex = 0; path = "OutaTime Redux.app"; sourceTree = BUILT_PRODUCTS_DIR; };
		AAF03D0D1BF10DEC00A45586 /* main.m */ = {isa = PBXFileReference; lastKnownFileType = sourcecode.c.objc; path = main.m; sourceTree = "<group>"; };
		AAF03D0F1BF10DEC00A45586 /* AppDelegate.h */ = {isa = PBXFileReference; lastKnownFileType = sourcecode.c.h; path = AppDelegate.h; sourceTree = "<group>"; };
		AAF03D101BF10DEC00A45586 /* AppDelegate.m */ = {isa = PBXFileReference; lastKnownFileType = sourcecode.c.objc; path = AppDelegate.m; sourceTree = "<group>"; };
		AAF03D161BF10DEC00A45586 /* Base */ = {isa = PBXFileReference; lastKnownFileType = file.storyboard; name = Base; path = Base.lproj/Main.storyboard; sourceTree = "<group>"; };
		AAF03D181BF10DEC00A45586 /* Assets.xcassets */ = {isa = PBXFileReference; lastKnownFileType = folder.assetcatalog; path = Assets.xcassets; sourceTree = "<group>"; };
		AAF03D1B1BF10DEC00A45586 /* Base */ = {isa = PBXFileReference; lastKnownFileType = file.storyboard; name = Base; path = Base.lproj/LaunchScreen.storyboard; sourceTree = "<group>"; };
		AAF03D1D1BF10DEC00A45586 /* Info.plist */ = {isa = PBXFileReference; lastKnownFileType = text.plist.xml; path = Info.plist; sourceTree = "<group>"; };
		AAF03D231BF10E7800A45586 /* digital-7.ttf */ = {isa = PBXFileReference; lastKnownFileType = file; path = "digital-7.ttf"; sourceTree = "<group>"; };
		AAF03D251BF111A700A45586 /* DatePickerViewController.h */ = {isa = PBXFileReference; fileEncoding = 4; lastKnownFileType = sourcecode.c.h; path = DatePickerViewController.h; sourceTree = "<group>"; };
		AAF03D261BF111A700A45586 /* DatePickerViewController.m */ = {isa = PBXFileReference; fileEncoding = 4; lastKnownFileType = sourcecode.c.objc; path = DatePickerViewController.m; sourceTree = "<group>"; };
		AAF03D281BF1125A00A45586 /* TimeCircuitsViewController.h */ = {isa = PBXFileReference; fileEncoding = 4; lastKnownFileType = sourcecode.c.h; path = TimeCircuitsViewController.h; sourceTree = "<group>"; };
		AAF03D291BF1125A00A45586 /* TimeCircuitsViewController.m */ = {isa = PBXFileReference; fileEncoding = 4; lastKnownFileType = sourcecode.c.objc; path = TimeCircuitsViewController.m; sourceTree = "<group>"; };
/* End PBXFileReference section */

/* Begin PBXFrameworksBuildPhase section */
		AAF03D061BF10DEC00A45586 /* Frameworks */ = {
			isa = PBXFrameworksBuildPhase;
			buildActionMask = 2147483647;
			files = (
			);
			runOnlyForDeploymentPostprocessing = 0;
		};
/* End PBXFrameworksBuildPhase section */

/* Begin PBXGroup section */
		AAF03D001BF10DEC00A45586 = {
			isa = PBXGroup;
			children = (
				AAF03D0B1BF10DEC00A45586 /* OutaTime Redux */,
				AAF03D0A1BF10DEC00A45586 /* Products */,
			);
			sourceTree = "<group>";
		};
		AAF03D0A1BF10DEC00A45586 /* Products */ = {
			isa = PBXGroup;
			children = (
				AAF03D091BF10DEC00A45586 /* OutaTime Redux.app */,
			);
			name = Products;
			sourceTree = "<group>";
		};
		AAF03D0B1BF10DEC00A45586 /* OutaTime Redux */ = {
			isa = PBXGroup;
			children = (
				AAF03D231BF10E7800A45586 /* digital-7.ttf */,
				AAF03D0F1BF10DEC00A45586 /* AppDelegate.h */,
				AAF03D101BF10DEC00A45586 /* AppDelegate.m */,
				AAF03D281BF1125A00A45586 /* TimeCircuitsViewController.h */,
				AAF03D291BF1125A00A45586 /* TimeCircuitsViewController.m */,
				AAF03D251BF111A700A45586 /* DatePickerViewController.h */,
				AAF03D261BF111A700A45586 /* DatePickerViewController.m */,
				AAF03D151BF10DEC00A45586 /* Main.storyboard */,
				AAF03D181BF10DEC00A45586 /* Assets.xcassets */,
				AAF03D1A1BF10DEC00A45586 /* LaunchScreen.storyboard */,
				AAF03D1D1BF10DEC00A45586 /* Info.plist */,
				AAF03D0C1BF10DEC00A45586 /* Supporting Files */,
			);
			path = "OutaTime Redux";
			sourceTree = "<group>";
		};
		AAF03D0C1BF10DEC00A45586 /* Supporting Files */ = {
			isa = PBXGroup;
			children = (
				AAF03D0D1BF10DEC00A45586 /* main.m */,
			);
			name = "Supporting Files";
			sourceTree = "<group>";
		};
/* End PBXGroup section */

/* Begin PBXNativeTarget section */
		AAF03D081BF10DEC00A45586 /* OutaTime Redux */ = {
			isa = PBXNativeTarget;
			buildConfigurationList = AAF03D201BF10DEC00A45586 /* Build configuration list for PBXNativeTarget "OutaTime Redux" */;
			buildPhases = (
				AAF03D051BF10DEC00A45586 /* Sources */,
				AAF03D061BF10DEC00A45586 /* Frameworks */,
				AAF03D071BF10DEC00A45586 /* Resources */,
			);
			buildRules = (
			);
			dependencies = (
			);
			name = "OutaTime Redux";
			productName = "OutaTime Redux";
			productReference = AAF03D091BF10DEC00A45586 /* OutaTime Redux.app */;
			productType = "com.apple.product-type.application";
		};
/* End PBXNativeTarget section */

/* Begin PBXProject section */
		AAF03D011BF10DEC00A45586 /* Project object */ = {
			isa = PBXProject;
			attributes = {
				LastUpgradeCheck = 0710;
				ORGANIZATIONNAME = "The Iron Yard";
				TargetAttributes = {
					AAF03D081BF10DEC00A45586 = {
						CreatedOnToolsVersion = 7.1;
						DevelopmentTeam = HM7AP2V9SS;
					};
				};
			};
			buildConfigurationList = AAF03D041BF10DEC00A45586 /* Build configuration list for PBXProject "OutaTime Redux" */;
			compatibilityVersion = "Xcode 3.2";
			developmentRegion = English;
			hasScannedForEncodings = 0;
			knownRegions = (
				en,
				Base,
			);
			mainGroup = AAF03D001BF10DEC00A45586;
			productRefGroup = AAF03D0A1BF10DEC00A45586 /* Products */;
			projectDirPath = "";
			projectRoot = "";
			targets = (
				AAF03D081BF10DEC00A45586 /* OutaTime Redux */,
			);
		};
/* End PBXProject section */

/* Begin PBXResourcesBuildPhase section */
		AAF03D071BF10DEC00A45586 /* Resources */ = {
			isa = PBXResourcesBuildPhase;
			buildActionMask = 2147483647;
			files = (
				AAF03D1C1BF10DEC00A45586 /* LaunchScreen.storyboard in Resources */,
				AAF03D191BF10DEC00A45586 /* Assets.xcassets in Resources */,
				AAF03D171BF10DEC00A45586 /* Main.storyboard in Resources */,
				AAF03D241BF10E7800A45586 /* digital-7.ttf in Resources */,
			);
			runOnlyForDeploymentPostprocessing = 0;
		};
/* End PBXResourcesBuildPhase section */

/* Begin PBXSourcesBuildPhase section */
		AAF03D051BF10DEC00A45586 /* Sources */ = {
			isa = PBXSourcesBuildPhase;
			buildActionMask = 2147483647;
			files = (
				AAF03D271BF111A700A45586 /* DatePickerViewController.m in Sources */,
				AAF03D111BF10DEC00A45586 /* AppDelegate.m in Sources */,
				AAF03D0E1BF10DEC00A45586 /* main.m in Sources */,
				AAF03D2A1BF1125A00A45586 /* TimeCircuitsViewController.m in Sources */,
			);
			runOnlyForDeploymentPostprocessing = 0;
		};
/* End PBXSourcesBuildPhase section */

/* Begin PBXVariantGroup section */
		AAF03D151BF10DEC00A45586 /* Main.storyboard */ = {
			isa = PBXVariantGroup;
			children = (
				AAF03D161BF10DEC00A45586 /* Base */,
			);
			name = Main.storyboard;
			sourceTree = "<group>";
		};
		AAF03D1A1BF10DEC00A45586 /* LaunchScreen.storyboard */ = {
			isa = PBXVariantGroup;
			children = (
				AAF03D1B1BF10DEC00A45586 /* Base */,
			);
			name = LaunchScreen.storyboard;
			sourceTree = "<group>";
		};
/* End PBXVariantGroup section */

/* Begin XCBuildConfiguration section */
		AAF03D1E1BF10DEC00A45586 /* Debug */ = {
			isa = XCBuildConfiguration;
			buildSettings = {
				ALWAYS_SEARCH_USER_PATHS = NO;
				CLANG_CXX_LANGUAGE_STANDARD = "gnu++0x";
				CLANG_CXX_LIBRARY = "libc++";
				CLANG_ENABLE_MODULES = YES;
				CLANG_ENABLE_OBJC_ARC = YES;
				CLANG_WARN_BOOL_CONVERSION = YES;
				CLANG_WARN_CONSTANT_CONVERSION = YES;
				CLANG_WARN_DIRECT_OBJC_ISA_USAGE = YES_ERROR;
				CLANG_WARN_EMPTY_BODY = YES;
				CLANG_WARN_ENUM_CONVERSION = YES;
				CLANG_WARN_INT_CONVERSION = YES;
				CLANG_WARN_OBJC_ROOT_CLASS = YES_ERROR;
				CLANG_WARN_UNREACHABLE_CODE = YES;
				CLANG_WARN__DUPLICATE_METHOD_MATCH = YES;
				"CODE_SIGN_IDENTITY[sdk=iphoneos*]" = "iPhone Developer";
				COPY_PHASE_STRIP = NO;
				DEBUG_INFORMATION_FORMAT = dwarf;
				ENABLE_STRICT_OBJC_MSGSEND = YES;
				ENABLE_TESTABILITY = YES;
				GCC_C_LANGUAGE_STANDARD = gnu99;
				GCC_DYNAMIC_NO_PIC = NO;
				GCC_NO_COMMON_BLOCKS = YES;
				GCC_OPTIMIZATION_LEVEL = 0;
				GCC_PREPROCESSOR_DEFINITIONS = (
					"DEBUG=1",
					"$(inherited)",
				);
				GCC_WARN_64_TO_32_BIT_CONVERSION = YES;
				GCC_WARN_ABOUT_RETURN_TYPE = YES_ERROR;
				GCC_WARN_UNDECLARED_SELECTOR = YES;
				GCC_WARN_UNINITIALIZED_AUTOS = YES_AGGRESSIVE;
				GCC_WARN_UNUSED_FUNCTION = YES;
				GCC_WARN_UNUSED_VARIABLE = YES;
				IPHONEOS_DEPLOYMENT_TARGET = 9.1;
				MTL_ENABLE_DEBUG_INFO = YES;
				ONLY_ACTIVE_ARCH = YES;
				SDKROOT = iphoneos;
				TARGETED_DEVICE_FAMILY = "1,2";
			};
			name = Debug;
		};
		AAF03D1F1BF10DEC00A45586 /* Release */ = {
			isa = XCBuildConfiguration;
			buildSettings = {
				ALWAYS_SEARCH_USER_PATHS = NO;
				CLANG_CXX_LANGUAGE_STANDARD = "gnu++0x";
				CLANG_CXX_LIBRARY = "libc++";
				CLANG_ENABLE_MODULES = YES;
				CLANG_ENABLE_OBJC_ARC = YES;
				CLANG_WARN_BOOL_CONVERSION = YES;
				CLANG_WARN_CONSTANT_CONVERSION = YES;
				CLANG_WARN_DIRECT_OBJC_ISA_USAGE = YES_ERROR;
				CLANG_WARN_EMPTY_BODY = YES;
				CLANG_WARN_ENUM_CONVERSION = YES;
				CLANG_WARN_INT_CONVERSION = YES;
				CLANG_WARN_OBJC_ROOT_CLASS = YES_ERROR;
				CLANG_WARN_UNREACHABLE_CODE = YES;
				CLANG_WARN__DUPLICATE_METHOD_MATCH = YES;
				"CODE_SIGN_IDENTITY[sdk=iphoneos*]" = "iPhone Developer";
				COPY_PHASE_STRIP = NO;
				DEBUG_INFORMATION_FORMAT = "dwarf-with-dsym";
				ENABLE_NS_ASSERTIONS = NO;
				ENABLE_STRICT_OBJC_MSGSEND = YES;
				GCC_C_LANGUAGE_STANDARD = gnu99;
				GCC_NO_COMMON_BLOCKS = YES;
				GCC_WARN_64_TO_32_BIT_CONVERSION = YES;
				GCC_WARN_ABOUT_RETURN_TYPE = YES_ERROR;
				GCC_WARN_UNDECLARED_SELECTOR = YES;
				GCC_WARN_UNINITIALIZED_AUTOS = YES_AGGRESSIVE;
				GCC_WARN_UNUSED_FUNCTION = YES;
				GCC_WARN_UNUSED_VARIABLE = YES;
				IPHONEOS_DEPLOYMENT_TARGET = 9.1;
				MTL_ENABLE_DEBUG_INFO = NO;
				SDKROOT = iphoneos;
				TARGETED_DEVICE_FAMILY = "1,2";
				VALIDATE_PRODUCT = YES;
			};
			name = Release;
		};
		AAF03D211BF10DEC00A45586 /* Debug */ = {
			isa = XCBuildConfiguration;
			buildSettings = {
				ASSETCATALOG_COMPILER_APPICON_NAME = AppIcon;
				INFOPLIST_FILE = "OutaTime Redux/Info.plist";
				LD_RUNPATH_SEARCH_PATHS = "$(inherited) @executable_path/Frameworks";
				PRODUCT_BUNDLE_IDENTIFIER = "com.tiy.OutaTime-Redux";
				PRODUCT_NAME = "$(TARGET_NAME)";
			};
			name = Debug;
		};
		AAF03D221BF10DEC00A45586 /* Release */ = {
			isa = XCBuildConfiguration;
			buildSettings = {
				ASSETCATALOG_COMPILER_APPICON_NAME = AppIcon;
				INFOPLIST_FILE = "OutaTime Redux/Info.plist";
				LD_RUNPATH_SEARCH_PATHS = "$(inherited) @executable_path/Frameworks";
				PRODUCT_BUNDLE_IDENTIFIER = "com.tiy.OutaTime-Redux";
				PRODUCT_NAME = "$(TARGET_NAME)";
			};
			name = Release;
		};
/* End XCBuildConfiguration section */

/* Begin XCConfigurationList section */
		AAF03D041BF10DEC00A45586 /* Build configuration list for PBXProject "OutaTime Redux" */ = {
			isa = XCConfigurationList;
			buildConfigurations = (
				AAF03D1E1BF10DEC00A45586 /* Debug */,
				AAF03D1F1BF10DEC00A45586 /* Release */,
			);
			defaultConfigurationIsVisible = 0;
			defaultConfigurationName = Release;
		};
		AAF03D201BF10DEC00A45586 /* Build configuration list for PBXNativeTarget "OutaTime Redux" */ = {
			isa = XCConfigurationList;
			buildConfigurations = (
				AAF03D211BF10DEC00A45586 /* Debug */,
				AAF03D221BF10DEC00A45586 /* Release */,
			);
			defaultConfigurationIsVisible = 0;
		};
/* End XCConfigurationList section */
	};
	rootObject = AAF03D011BF10DEC00A45586 /* Project object */;
}
