// !$*UTF8*$!
{
	archiveVersion = 1;
	classes = {
	};
	objectVersion = 46;
	objects = {

/* Begin PBXBuildFile section */
		AADD5A2F1BC7091400913D90 /* AppDelegate.swift in Sources */ = {isa = PBXBuildFile; fileRef = AADD5A2E1BC7091400913D90 /* AppDelegate.swift */; };
		AADD5A311BC7091400913D90 /* ViewController.swift in Sources */ = {isa = PBXBuildFile; fileRef = AADD5A301BC7091400913D90 /* ViewController.swift */; };
		AADD5A341BC7091400913D90 /* Main.storyboard in Resources */ = {isa = PBXBuildFile; fileRef = AADD5A321BC7091400913D90 /* Main.storyboard */; };
		AADD5A361BC7091400913D90 /* Assets.xcassets in Resources */ = {isa = PBXBuildFile; fileRef = AADD5A351BC7091400913D90 /* Assets.xcassets */; };
		AADD5A391BC7091400913D90 /* LaunchScreen.storyboard in Resources */ = {isa = PBXBuildFile; fileRef = AADD5A371BC7091400913D90 /* LaunchScreen.storyboard */; };
		AADD5A411BC7099F00913D90 /* TimeCircuitsViewController.swift in Sources */ = {isa = PBXBuildFile; fileRef = AADD5A401BC7099F00913D90 /* TimeCircuitsViewController.swift */; settings = {ASSET_TAGS = (); }; };
		AADD5A451BC73FC100913D90 /* digital-7.ttf in Resources */ = {isa = PBXBuildFile; fileRef = AADD5A441BC73FC100913D90 /* digital-7.ttf */; settings = {ASSET_TAGS = (); }; };
		AADD5A481BC769D600913D90 /* Gigawatts.app in Resources */ = {isa = PBXBuildFile; fileRef = AADD5A2B1BC7091400913D90 /* Gigawatts.app */; settings = {ASSET_TAGS = (); }; };
/* End PBXBuildFile section */

/* Begin PBXFileReference section */
		AADD5A2B1BC7091400913D90 /* Gigawatts.app */ = {isa = PBXFileReference; explicitFileType = wrapper.application; includeInIndex = 0; path = Gigawatts.app; sourceTree = BUILT_PRODUCTS_DIR; };
		AADD5A2E1BC7091400913D90 /* AppDelegate.swift */ = {isa = PBXFileReference; lastKnownFileType = sourcecode.swift; path = AppDelegate.swift; sourceTree = "<group>"; };
		AADD5A301BC7091400913D90 /* ViewController.swift */ = {isa = PBXFileReference; lastKnownFileType = sourcecode.swift; path = ViewController.swift; sourceTree = "<group>"; };
		AADD5A331BC7091400913D90 /* Base */ = {isa = PBXFileReference; lastKnownFileType = file.storyboard; name = Base; path = Base.lproj/Main.storyboard; sourceTree = "<group>"; };
		AADD5A351BC7091400913D90 /* Assets.xcassets */ = {isa = PBXFileReference; lastKnownFileType = folder.assetcatalog; path = Assets.xcassets; sourceTree = "<group>"; };
		AADD5A381BC7091400913D90 /* Base */ = {isa = PBXFileReference; lastKnownFileType = file.storyboard; name = Base; path = Base.lproj/LaunchScreen.storyboard; sourceTree = "<group>"; };
		AADD5A3A1BC7091400913D90 /* Info.plist */ = {isa = PBXFileReference; lastKnownFileType = text.plist.xml; path = Info.plist; sourceTree = "<group>"; };
		AADD5A401BC7099F00913D90 /* TimeCircuitsViewController.swift */ = {isa = PBXFileReference; fileEncoding = 4; lastKnownFileType = sourcecode.swift; path = TimeCircuitsViewController.swift; sourceTree = "<group>"; };
		AADD5A441BC73FC100913D90 /* digital-7.ttf */ = {isa = PBXFileReference; lastKnownFileType = file; name = "digital-7.ttf"; path = "../../2015--FALL--iOS/digital-7.ttf"; sourceTree = "<group>"; };
/* End PBXFileReference section */

/* Begin PBXFrameworksBuildPhase section */
		AADD5A281BC7091400913D90 /* Frameworks */ = {
			isa = PBXFrameworksBuildPhase;
			buildActionMask = 2147483647;
			files = (
			);
			runOnlyForDeploymentPostprocessing = 0;
		};
/* End PBXFrameworksBuildPhase section */

/* Begin PBXGroup section */
		AADD5A221BC7091400913D90 = {
			isa = PBXGroup;
			children = (
				AADD5A2D1BC7091400913D90 /* Gigawatts */,
				AADD5A2C1BC7091400913D90 /* Products */,
			);
			sourceTree = "<group>";
		};
		AADD5A2C1BC7091400913D90 /* Products */ = {
			isa = PBXGroup;
			children = (
				AADD5A2B1BC7091400913D90 /* Gigawatts.app */,
			);
			name = Products;
			sourceTree = "<group>";
		};
		AADD5A2D1BC7091400913D90 /* Gigawatts */ = {
			isa = PBXGroup;
			children = (
				AADD5A441BC73FC100913D90 /* digital-7.ttf */,
				AADD5A2E1BC7091400913D90 /* AppDelegate.swift */,
				AADD5A301BC7091400913D90 /* ViewController.swift */,
				AADD5A321BC7091400913D90 /* Main.storyboard */,
				AADD5A351BC7091400913D90 /* Assets.xcassets */,
				AADD5A371BC7091400913D90 /* LaunchScreen.storyboard */,
				AADD5A3A1BC7091400913D90 /* Info.plist */,
				AADD5A401BC7099F00913D90 /* TimeCircuitsViewController.swift */,
			);
			path = Gigawatts;
			sourceTree = "<group>";
		};
/* End PBXGroup section */

/* Begin PBXNativeTarget section */
		AADD5A2A1BC7091400913D90 /* Gigawatts */ = {
			isa = PBXNativeTarget;
			buildConfigurationList = AADD5A3D1BC7091400913D90 /* Build configuration list for PBXNativeTarget "Gigawatts" */;
			buildPhases = (
				AADD5A271BC7091400913D90 /* Sources */,
				AADD5A281BC7091400913D90 /* Frameworks */,
				AADD5A291BC7091400913D90 /* Resources */,
			);
			buildRules = (
			);
			dependencies = (
			);
			name = Gigawatts;
			productName = Gigawatts;
			productReference = AADD5A2B1BC7091400913D90 /* Gigawatts.app */;
			productType = "com.apple.product-type.application";
		};
/* End PBXNativeTarget section */

/* Begin PBXProject section */
		AADD5A231BC7091400913D90 /* Project object */ = {
			isa = PBXProject;
			attributes = {
				LastUpgradeCheck = 0700;
				ORGANIZATIONNAME = "The Iron Yard";
				TargetAttributes = {
					AADD5A2A1BC7091400913D90 = {
						CreatedOnToolsVersion = 7.0.1;
						DevelopmentTeam = HM7AP2V9SS;
					};
				};
			};
			buildConfigurationList = AADD5A261BC7091400913D90 /* Build configuration list for PBXProject "Gigawatts" */;
			compatibilityVersion = "Xcode 3.2";
			developmentRegion = English;
			hasScannedForEncodings = 0;
			knownRegions = (
				en,
				Base,
			);
			mainGroup = AADD5A221BC7091400913D90;
			productRefGroup = AADD5A2C1BC7091400913D90 /* Products */;
			projectDirPath = "";
			projectRoot = "";
			targets = (
				AADD5A2A1BC7091400913D90 /* Gigawatts */,
			);
		};
/* End PBXProject section */

/* Begin PBXResourcesBuildPhase section */
		AADD5A291BC7091400913D90 /* Resources */ = {
			isa = PBXResourcesBuildPhase;
			buildActionMask = 2147483647;
			files = (
				AADD5A391BC7091400913D90 /* LaunchScreen.storyboard in Resources */,
				AADD5A361BC7091400913D90 /* Assets.xcassets in Resources */,
				AADD5A341BC7091400913D90 /* Main.storyboard in Resources */,
				AADD5A481BC769D600913D90 /* Gigawatts.app in Resources */,
				AADD5A451BC73FC100913D90 /* digital-7.ttf in Resources */,
			);
			runOnlyForDeploymentPostprocessing = 0;
		};
/* End PBXResourcesBuildPhase section */

/* Begin PBXSourcesBuildPhase section */
		AADD5A271BC7091400913D90 /* Sources */ = {
			isa = PBXSourcesBuildPhase;
			buildActionMask = 2147483647;
			files = (
				AADD5A411BC7099F00913D90 /* TimeCircuitsViewController.swift in Sources */,
				AADD5A311BC7091400913D90 /* ViewController.swift in Sources */,
				AADD5A2F1BC7091400913D90 /* AppDelegate.swift in Sources */,
			);
			runOnlyForDeploymentPostprocessing = 0;
		};
/* End PBXSourcesBuildPhase section */

/* Begin PBXVariantGroup section */
		AADD5A321BC7091400913D90 /* Main.storyboard */ = {
			isa = PBXVariantGroup;
			children = (
				AADD5A331BC7091400913D90 /* Base */,
			);
			name = Main.storyboard;
			sourceTree = "<group>";
		};
		AADD5A371BC7091400913D90 /* LaunchScreen.storyboard */ = {
			isa = PBXVariantGroup;
			children = (
				AADD5A381BC7091400913D90 /* Base */,
			);
			name = LaunchScreen.storyboard;
			sourceTree = "<group>";
		};
/* End PBXVariantGroup section */

/* Begin XCBuildConfiguration section */
		AADD5A3B1BC7091400913D90 /* Debug */ = {
			isa = XCBuildConfiguration;
			buildSettings = {
				ALWAYS_SEARCH_USER_PATHS = NO;
				CLANG_CXX_LANGUAGE_STANDARD = "gnu++0x";
				CLANG_CXX_LIBRARY = "libc++";
				CLANG_ENABLE_MODULES = YES;
				CLANG_ENABLE_OBJC_ARC = YES;
				CLANG_WARN_BOOL_CONVERSION = YES;
				CLANG_WARN_CONSTANT_CONVERSION = YES;
				CLANG_WARN_DIRECT_OBJC_ISA_USAGE = YES_ERROR;
				CLANG_WARN_EMPTY_BODY = YES;
				CLANG_WARN_ENUM_CONVERSION = YES;
				CLANG_WARN_INT_CONVERSION = YES;
				CLANG_WARN_OBJC_ROOT_CLASS = YES_ERROR;
				CLANG_WARN_UNREACHABLE_CODE = YES;
				CLANG_WARN__DUPLICATE_METHOD_MATCH = YES;
				"CODE_SIGN_IDENTITY[sdk=iphoneos*]" = "iPhone Developer";
				COPY_PHASE_STRIP = NO;
				DEBUG_INFORMATION_FORMAT = dwarf;
				ENABLE_STRICT_OBJC_MSGSEND = YES;
				ENABLE_TESTABILITY = YES;
				GCC_C_LANGUAGE_STANDARD = gnu99;
				GCC_DYNAMIC_NO_PIC = NO;
				GCC_NO_COMMON_BLOCKS = YES;
				GCC_OPTIMIZATION_LEVEL = 0;
				GCC_PREPROCESSOR_DEFINITIONS = (
					"DEBUG=1",
					"$(inherited)",
				);
				GCC_WARN_64_TO_32_BIT_CONVERSION = YES;
				GCC_WARN_ABOUT_RETURN_TYPE = YES_ERROR;
				GCC_WARN_UNDECLARED_SELECTOR = YES;
				GCC_WARN_UNINITIALIZED_AUTOS = YES_AGGRESSIVE;
				GCC_WARN_UNUSED_FUNCTION = YES;
				GCC_WARN_UNUSED_VARIABLE = YES;
				IPHONEOS_DEPLOYMENT_TARGET = 9.0;
				MTL_ENABLE_DEBUG_INFO = YES;
				ONLY_ACTIVE_ARCH = YES;
				SDKROOT = iphoneos;
				SWIFT_OPTIMIZATION_LEVEL = "-Onone";
			};
			name = Debug;
		};
		AADD5A3C1BC7091400913D90 /* Release */ = {
			isa = XCBuildConfiguration;
			buildSettings = {
				ALWAYS_SEARCH_USER_PATHS = NO;
				CLANG_CXX_LANGUAGE_STANDARD = "gnu++0x";
				CLANG_CXX_LIBRARY = "libc++";
				CLANG_ENABLE_MODULES = YES;
				CLANG_ENABLE_OBJC_ARC = YES;
				CLANG_WARN_BOOL_CONVERSION = YES;
				CLANG_WARN_CONSTANT_CONVERSION = YES;
				CLANG_WARN_DIRECT_OBJC_ISA_USAGE = YES_ERROR;
				CLANG_WARN_EMPTY_BODY = YES;
				CLANG_WARN_ENUM_CONVERSION = YES;
				CLANG_WARN_INT_CONVERSION = YES;
				CLANG_WARN_OBJC_ROOT_CLASS = YES_ERROR;
				CLANG_WARN_UNREACHABLE_CODE = YES;
				CLANG_WARN__DUPLICATE_METHOD_MATCH = YES;
				"CODE_SIGN_IDENTITY[sdk=iphoneos*]" = "iPhone Developer";
				COPY_PHASE_STRIP = NO;
				DEBUG_INFORMATION_FORMAT = "dwarf-with-dsym";
				ENABLE_NS_ASSERTIONS = NO;
				ENABLE_STRICT_OBJC_MSGSEND = YES;
				GCC_C_LANGUAGE_STANDARD = gnu99;
				GCC_NO_COMMON_BLOCKS = YES;
				GCC_WARN_64_TO_32_BIT_CONVERSION = YES;
				GCC_WARN_ABOUT_RETURN_TYPE = YES_ERROR;
				GCC_WARN_UNDECLARED_SELECTOR = YES;
				GCC_WARN_UNINITIALIZED_AUTOS = YES_AGGRESSIVE;
				GCC_WARN_UNUSED_FUNCTION = YES;
				GCC_WARN_UNUSED_VARIABLE = YES;
				IPHONEOS_DEPLOYMENT_TARGET = 9.0;
				MTL_ENABLE_DEBUG_INFO = NO;
				SDKROOT = iphoneos;
				VALIDATE_PRODUCT = YES;
			};
			name = Release;
		};
		AADD5A3E1BC7091400913D90 /* Debug */ = {
			isa = XCBuildConfiguration;
			buildSettings = {
				ASSETCATALOG_COMPILER_APPICON_NAME = AppIcon;
				INFOPLIST_FILE = Gigawatts/Info.plist;
				LD_RUNPATH_SEARCH_PATHS = "$(inherited) @executable_path/Frameworks";
				PRODUCT_BUNDLE_IDENTIFIER = com.tiy.Gigawatts;
				PRODUCT_NAME = "$(TARGET_NAME)";
			};
			name = Debug;
		};
		AADD5A3F1BC7091400913D90 /* Release */ = {
			isa = XCBuildConfiguration;
			buildSettings = {
				ASSETCATALOG_COMPILER_APPICON_NAME = AppIcon;
				INFOPLIST_FILE = Gigawatts/Info.plist;
				LD_RUNPATH_SEARCH_PATHS = "$(inherited) @executable_path/Frameworks";
				PRODUCT_BUNDLE_IDENTIFIER = com.tiy.Gigawatts;
				PRODUCT_NAME = "$(TARGET_NAME)";
			};
			name = Release;
		};
/* End XCBuildConfiguration section */

/* Begin XCConfigurationList section */
		AADD5A261BC7091400913D90 /* Build configuration list for PBXProject "Gigawatts" */ = {
			isa = XCConfigurationList;
			buildConfigurations = (
				AADD5A3B1BC7091400913D90 /* Debug */,
				AADD5A3C1BC7091400913D90 /* Release */,
			);
			defaultConfigurationIsVisible = 0;
			defaultConfigurationName = Release;
		};
		AADD5A3D1BC7091400913D90 /* Build configuration list for PBXNativeTarget "Gigawatts" */ = {
			isa = XCConfigurationList;
			buildConfigurations = (
				AADD5A3E1BC7091400913D90 /* Debug */,
				AADD5A3F1BC7091400913D90 /* Release */,
			);
			defaultConfigurationIsVisible = 0;
		};
/* End XCConfigurationList section */
	};
	rootObject = AADD5A231BC7091400913D90 /* Project object */;
}
