// !$*UTF8*$!
{
	archiveVersion = 1;
	classes = {
	};
	objectVersion = 46;
	objects = {

/* Begin PBXBuildFile section */
		AAF90C481C13BD5300697E2A /* AppDelegate.swift in Sources */ = {isa = PBXBuildFile; fileRef = AAF90C471C13BD5300697E2A /* AppDelegate.swift */; };
		AAF90C4D1C13BD5300697E2A /* Main.storyboard in Resources */ = {isa = PBXBuildFile; fileRef = AAF90C4B1C13BD5300697E2A /* Main.storyboard */; };
		AAF90C501C13BD5300697E2A /* CarFinder.xcdatamodeld in Sources */ = {isa = PBXBuildFile; fileRef = AAF90C4E1C13BD5300697E2A /* CarFinder.xcdatamodeld */; };
		AAF90C521C13BD5300697E2A /* Assets.xcassets in Resources */ = {isa = PBXBuildFile; fileRef = AAF90C511C13BD5300697E2A /* Assets.xcassets */; };
		AAF90C551C13BD5300697E2A /* LaunchScreen.storyboard in Resources */ = {isa = PBXBuildFile; fileRef = AAF90C531C13BD5300697E2A /* LaunchScreen.storyboard */; };
		AAF90C601C13C0F300697E2A /* LoginViewController.swift in Sources */ = {isa = PBXBuildFile; fileRef = AAF90C5F1C13C0F300697E2A /* LoginViewController.swift */; };
		AAF90C621C13C92800697E2A /* RegisterViewController.swift in Sources */ = {isa = PBXBuildFile; fileRef = AAF90C611C13C92800697E2A /* RegisterViewController.swift */; };
		AAF90C641C13C94B00697E2A /* MapViewViewController.swift in Sources */ = {isa = PBXBuildFile; fileRef = AAF90C631C13C94B00697E2A /* MapViewViewController.swift */; };
		AF1EC200408D77217F860DD7 /* libPods-CarFinder.a in Frameworks */ = {isa = PBXBuildFile; fileRef = BF6BAC6E02BC8DEEAA031A36 /* libPods-CarFinder.a */; };
/* End PBXBuildFile section */

/* Begin PBXFileReference section */
		5F229C94E25452F7CE283E31 /* Pods-CarFinder.release.xcconfig */ = {isa = PBXFileReference; includeInIndex = 1; lastKnownFileType = text.xcconfig; name = "Pods-CarFinder.release.xcconfig"; path = "Pods/Target Support Files/Pods-CarFinder/Pods-CarFinder.release.xcconfig"; sourceTree = "<group>"; };
		9D9F5FB4AB6A32AB644EB64C /* Pods-CarFinder.debug.xcconfig */ = {isa = PBXFileReference; includeInIndex = 1; lastKnownFileType = text.xcconfig; name = "Pods-CarFinder.debug.xcconfig"; path = "Pods/Target Support Files/Pods-CarFinder/Pods-CarFinder.debug.xcconfig"; sourceTree = "<group>"; };
		AAF90C441C13BD5300697E2A /* CarFinder.app */ = {isa = PBXFileReference; explicitFileType = wrapper.application; includeInIndex = 0; path = CarFinder.app; sourceTree = BUILT_PRODUCTS_DIR; };
		AAF90C471C13BD5300697E2A /* AppDelegate.swift */ = {isa = PBXFileReference; lastKnownFileType = sourcecode.swift; path = AppDelegate.swift; sourceTree = "<group>"; };
		AAF90C4C1C13BD5300697E2A /* Base */ = {isa = PBXFileReference; lastKnownFileType = file.storyboard; name = Base; path = Base.lproj/Main.storyboard; sourceTree = "<group>"; };
		AAF90C4F1C13BD5300697E2A /* CarFinder.xcdatamodel */ = {isa = PBXFileReference; lastKnownFileType = wrapper.xcdatamodel; path = CarFinder.xcdatamodel; sourceTree = "<group>"; };
		AAF90C511C13BD5300697E2A /* Assets.xcassets */ = {isa = PBXFileReference; lastKnownFileType = folder.assetcatalog; path = Assets.xcassets; sourceTree = "<group>"; };
		AAF90C541C13BD5300697E2A /* Base */ = {isa = PBXFileReference; lastKnownFileType = file.storyboard; name = Base; path = Base.lproj/LaunchScreen.storyboard; sourceTree = "<group>"; };
		AAF90C561C13BD5300697E2A /* Info.plist */ = {isa = PBXFileReference; lastKnownFileType = text.plist.xml; path = Info.plist; sourceTree = "<group>"; };
		AAF90C5D1C13BEFE00697E2A /* CarFinder-Bridging-Header.h */ = {isa = PBXFileReference; lastKnownFileType = sourcecode.c.h; path = "CarFinder-Bridging-Header.h"; sourceTree = "<group>"; };
		AAF90C5F1C13C0F300697E2A /* LoginViewController.swift */ = {isa = PBXFileReference; fileEncoding = 4; lastKnownFileType = sourcecode.swift; path = LoginViewController.swift; sourceTree = "<group>"; };
		AAF90C611C13C92800697E2A /* RegisterViewController.swift */ = {isa = PBXFileReference; fileEncoding = 4; lastKnownFileType = sourcecode.swift; path = RegisterViewController.swift; sourceTree = "<group>"; };
		AAF90C631C13C94B00697E2A /* MapViewViewController.swift */ = {isa = PBXFileReference; fileEncoding = 4; lastKnownFileType = sourcecode.swift; path = MapViewViewController.swift; sourceTree = "<group>"; };
		BF6BAC6E02BC8DEEAA031A36 /* libPods-CarFinder.a */ = {isa = PBXFileReference; explicitFileType = archive.ar; includeInIndex = 0; path = "libPods-CarFinder.a"; sourceTree = BUILT_PRODUCTS_DIR; };
/* End PBXFileReference section */

/* Begin PBXFrameworksBuildPhase section */
		AAF90C411C13BD5300697E2A /* Frameworks */ = {
			isa = PBXFrameworksBuildPhase;
			buildActionMask = 2147483647;
			files = (
				AF1EC200408D77217F860DD7 /* libPods-CarFinder.a in Frameworks */,
			);
			runOnlyForDeploymentPostprocessing = 0;
		};
/* End PBXFrameworksBuildPhase section */

/* Begin PBXGroup section */
		28D9E9D1B7D4D7ECDBEBCEE7 /* Frameworks */ = {
			isa = PBXGroup;
			children = (
				BF6BAC6E02BC8DEEAA031A36 /* libPods-CarFinder.a */,
			);
			name = Frameworks;
			sourceTree = "<group>";
		};
		42395E23E72DFAB2F740FCF8 /* Pods */ = {
			isa = PBXGroup;
			children = (
				9D9F5FB4AB6A32AB644EB64C /* Pods-CarFinder.debug.xcconfig */,
				5F229C94E25452F7CE283E31 /* Pods-CarFinder.release.xcconfig */,
			);
			name = Pods;
			sourceTree = "<group>";
		};
		AAF90C3B1C13BD5300697E2A = {
			isa = PBXGroup;
			children = (
				AAF90C461C13BD5300697E2A /* CarFinder */,
				AAF90C451C13BD5300697E2A /* Products */,
				42395E23E72DFAB2F740FCF8 /* Pods */,
				28D9E9D1B7D4D7ECDBEBCEE7 /* Frameworks */,
			);
			sourceTree = "<group>";
		};
		AAF90C451C13BD5300697E2A /* Products */ = {
			isa = PBXGroup;
			children = (
				AAF90C441C13BD5300697E2A /* CarFinder.app */,
			);
			name = Products;
			sourceTree = "<group>";
		};
		AAF90C461C13BD5300697E2A /* CarFinder */ = {
			isa = PBXGroup;
			children = (
				AAF90C471C13BD5300697E2A /* AppDelegate.swift */,
				AAF90C5D1C13BEFE00697E2A /* CarFinder-Bridging-Header.h */,
				AAF90C5F1C13C0F300697E2A /* LoginViewController.swift */,
				AAF90C611C13C92800697E2A /* RegisterViewController.swift */,
				AAF90C4B1C13BD5300697E2A /* Main.storyboard */,
				AAF90C511C13BD5300697E2A /* Assets.xcassets */,
				AAF90C531C13BD5300697E2A /* LaunchScreen.storyboard */,
				AAF90C561C13BD5300697E2A /* Info.plist */,
				AAF90C4E1C13BD5300697E2A /* CarFinder.xcdatamodeld */,
				AAF90C631C13C94B00697E2A /* MapViewViewController.swift */,
			);
			path = CarFinder;
			sourceTree = "<group>";
		};
/* End PBXGroup section */

/* Begin PBXNativeTarget section */
		AAF90C431C13BD5300697E2A /* CarFinder */ = {
			isa = PBXNativeTarget;
			buildConfigurationList = AAF90C591C13BD5300697E2A /* Build configuration list for PBXNativeTarget "CarFinder" */;
			buildPhases = (
				31FF4D51AB6BA31D712C09EE /* Check Pods Manifest.lock */,
				AAF90C401C13BD5300697E2A /* Sources */,
				AAF90C411C13BD5300697E2A /* Frameworks */,
				AAF90C421C13BD5300697E2A /* Resources */,
				C84C16D3BE379A9EF7EA4FF9 /* Embed Pods Frameworks */,
				2AFBF30F12E8D30792837E5F /* Copy Pods Resources */,
			);
			buildRules = (
			);
			dependencies = (
			);
			name = CarFinder;
			productName = CarFinder;
			productReference = AAF90C441C13BD5300697E2A /* CarFinder.app */;
			productType = "com.apple.product-type.application";
		};
/* End PBXNativeTarget section */

/* Begin PBXProject section */
		AAF90C3C1C13BD5300697E2A /* Project object */ = {
			isa = PBXProject;
			attributes = {
				LastSwiftUpdateCheck = 0710;
				LastUpgradeCheck = 0710;
				ORGANIZATIONNAME = "The Iron Yard";
				TargetAttributes = {
					AAF90C431C13BD5300697E2A = {
						CreatedOnToolsVersion = 7.1.1;
						DevelopmentTeam = HM7AP2V9SS;
					};
				};
			};
			buildConfigurationList = AAF90C3F1C13BD5300697E2A /* Build configuration list for PBXProject "CarFinder" */;
			compatibilityVersion = "Xcode 3.2";
			developmentRegion = English;
			hasScannedForEncodings = 0;
			knownRegions = (
				en,
				Base,
			);
			mainGroup = AAF90C3B1C13BD5300697E2A;
			productRefGroup = AAF90C451C13BD5300697E2A /* Products */;
			projectDirPath = "";
			projectRoot = "";
			targets = (
				AAF90C431C13BD5300697E2A /* CarFinder */,
			);
		};
/* End PBXProject section */

/* Begin PBXResourcesBuildPhase section */
		AAF90C421C13BD5300697E2A /* Resources */ = {
			isa = PBXResourcesBuildPhase;
			buildActionMask = 2147483647;
			files = (
				AAF90C551C13BD5300697E2A /* LaunchScreen.storyboard in Resources */,
				AAF90C521C13BD5300697E2A /* Assets.xcassets in Resources */,
				AAF90C4D1C13BD5300697E2A /* Main.storyboard in Resources */,
			);
			runOnlyForDeploymentPostprocessing = 0;
		};
/* End PBXResourcesBuildPhase section */

/* Begin PBXShellScriptBuildPhase section */
		2AFBF30F12E8D30792837E5F /* Copy Pods Resources */ = {
			isa = PBXShellScriptBuildPhase;
			buildActionMask = 2147483647;
			files = (
			);
			inputPaths = (
			);
			name = "Copy Pods Resources";
			outputPaths = (
			);
			runOnlyForDeploymentPostprocessing = 0;
			shellPath = /bin/sh;
			shellScript = "\"${SRCROOT}/Pods/Target Support Files/Pods-CarFinder/Pods-CarFinder-resources.sh\"\n";
			showEnvVarsInLog = 0;
		};
		31FF4D51AB6BA31D712C09EE /* Check Pods Manifest.lock */ = {
			isa = PBXShellScriptBuildPhase;
			buildActionMask = 2147483647;
			files = (
			);
			inputPaths = (
			);
			name = "Check Pods Manifest.lock";
			outputPaths = (
			);
			runOnlyForDeploymentPostprocessing = 0;
			shellPath = /bin/sh;
			shellScript = "diff \"${PODS_ROOT}/../Podfile.lock\" \"${PODS_ROOT}/Manifest.lock\" > /dev/null\nif [[ $? != 0 ]] ; then\n    cat << EOM\nerror: The sandbox is not in sync with the Podfile.lock. Run 'pod install' or update your CocoaPods installation.\nEOM\n    exit 1\nfi\n";
			showEnvVarsInLog = 0;
		};
		C84C16D3BE379A9EF7EA4FF9 /* Embed Pods Frameworks */ = {
			isa = PBXShellScriptBuildPhase;
			buildActionMask = 2147483647;
			files = (
			);
			inputPaths = (
			);
			name = "Embed Pods Frameworks";
			outputPaths = (
			);
			runOnlyForDeploymentPostprocessing = 0;
			shellPath = /bin/sh;
			shellScript = "\"${SRCROOT}/Pods/Target Support Files/Pods-CarFinder/Pods-CarFinder-frameworks.sh\"\n";
			showEnvVarsInLog = 0;
		};
/* End PBXShellScriptBuildPhase section */

/* Begin PBXSourcesBuildPhase section */
		AAF90C401C13BD5300697E2A /* Sources */ = {
			isa = PBXSourcesBuildPhase;
			buildActionMask = 2147483647;
			files = (
				AAF90C601C13C0F300697E2A /* LoginViewController.swift in Sources */,
				AAF90C501C13BD5300697E2A /* CarFinder.xcdatamodeld in Sources */,
				AAF90C481C13BD5300697E2A /* AppDelegate.swift in Sources */,
				AAF90C621C13C92800697E2A /* RegisterViewController.swift in Sources */,
				AAF90C641C13C94B00697E2A /* MapViewViewController.swift in Sources */,
			);
			runOnlyForDeploymentPostprocessing = 0;
		};
/* End PBXSourcesBuildPhase section */

/* Begin PBXVariantGroup section */
		AAF90C4B1C13BD5300697E2A /* Main.storyboard */ = {
			isa = PBXVariantGroup;
			children = (
				AAF90C4C1C13BD5300697E2A /* Base */,
			);
			name = Main.storyboard;
			sourceTree = "<group>";
		};
		AAF90C531C13BD5300697E2A /* LaunchScreen.storyboard */ = {
			isa = PBXVariantGroup;
			children = (
				AAF90C541C13BD5300697E2A /* Base */,
			);
			name = LaunchScreen.storyboard;
			sourceTree = "<group>";
		};
/* End PBXVariantGroup section */

/* Begin XCBuildConfiguration section */
		AAF90C571C13BD5300697E2A /* Debug */ = {
			isa = XCBuildConfiguration;
			buildSettings = {
				ALWAYS_SEARCH_USER_PATHS = NO;
				CLANG_CXX_LANGUAGE_STANDARD = "gnu++0x";
				CLANG_CXX_LIBRARY = "libc++";
				CLANG_ENABLE_MODULES = YES;
				CLANG_ENABLE_OBJC_ARC = YES;
				CLANG_WARN_BOOL_CONVERSION = YES;
				CLANG_WARN_CONSTANT_CONVERSION = YES;
				CLANG_WARN_DIRECT_OBJC_ISA_USAGE = YES_ERROR;
				CLANG_WARN_EMPTY_BODY = YES;
				CLANG_WARN_ENUM_CONVERSION = YES;
				CLANG_WARN_INT_CONVERSION = YES;
				CLANG_WARN_OBJC_ROOT_CLASS = YES_ERROR;
				CLANG_WARN_UNREACHABLE_CODE = YES;
				CLANG_WARN__DUPLICATE_METHOD_MATCH = YES;
				"CODE_SIGN_IDENTITY[sdk=iphoneos*]" = "iPhone Developer";
				COPY_PHASE_STRIP = NO;
				DEBUG_INFORMATION_FORMAT = dwarf;
				ENABLE_STRICT_OBJC_MSGSEND = YES;
				ENABLE_TESTABILITY = YES;
				GCC_C_LANGUAGE_STANDARD = gnu99;
				GCC_DYNAMIC_NO_PIC = NO;
				GCC_NO_COMMON_BLOCKS = YES;
				GCC_OPTIMIZATION_LEVEL = 0;
				GCC_PREPROCESSOR_DEFINITIONS = (
					"DEBUG=1",
					"$(inherited)",
				);
				GCC_WARN_64_TO_32_BIT_CONVERSION = YES;
				GCC_WARN_ABOUT_RETURN_TYPE = YES_ERROR;
				GCC_WARN_UNDECLARED_SELECTOR = YES;
				GCC_WARN_UNINITIALIZED_AUTOS = YES_AGGRESSIVE;
				GCC_WARN_UNUSED_FUNCTION = YES;
				GCC_WARN_UNUSED_VARIABLE = YES;
				IPHONEOS_DEPLOYMENT_TARGET = 9.1;
				MTL_ENABLE_DEBUG_INFO = YES;
				ONLY_ACTIVE_ARCH = YES;
				SDKROOT = iphoneos;
				SWIFT_OPTIMIZATION_LEVEL = "-Onone";
			};
			name = Debug;
		};
		AAF90C581C13BD5300697E2A /* Release */ = {
			isa = XCBuildConfiguration;
			buildSettings = {
				ALWAYS_SEARCH_USER_PATHS = NO;
				CLANG_CXX_LANGUAGE_STANDARD = "gnu++0x";
				CLANG_CXX_LIBRARY = "libc++";
				CLANG_ENABLE_MODULES = YES;
				CLANG_ENABLE_OBJC_ARC = YES;
				CLANG_WARN_BOOL_CONVERSION = YES;
				CLANG_WARN_CONSTANT_CONVERSION = YES;
				CLANG_WARN_DIRECT_OBJC_ISA_USAGE = YES_ERROR;
				CLANG_WARN_EMPTY_BODY = YES;
				CLANG_WARN_ENUM_CONVERSION = YES;
				CLANG_WARN_INT_CONVERSION = YES;
				CLANG_WARN_OBJC_ROOT_CLASS = YES_ERROR;
				CLANG_WARN_UNREACHABLE_CODE = YES;
				CLANG_WARN__DUPLICATE_METHOD_MATCH = YES;
				"CODE_SIGN_IDENTITY[sdk=iphoneos*]" = "iPhone Developer";
				COPY_PHASE_STRIP = NO;
				DEBUG_INFORMATION_FORMAT = "dwarf-with-dsym";
				ENABLE_NS_ASSERTIONS = NO;
				ENABLE_STRICT_OBJC_MSGSEND = YES;
				GCC_C_LANGUAGE_STANDARD = gnu99;
				GCC_NO_COMMON_BLOCKS = YES;
				GCC_WARN_64_TO_32_BIT_CONVERSION = YES;
				GCC_WARN_ABOUT_RETURN_TYPE = YES_ERROR;
				GCC_WARN_UNDECLARED_SELECTOR = YES;
				GCC_WARN_UNINITIALIZED_AUTOS = YES_AGGRESSIVE;
				GCC_WARN_UNUSED_FUNCTION = YES;
				GCC_WARN_UNUSED_VARIABLE = YES;
				IPHONEOS_DEPLOYMENT_TARGET = 9.1;
				MTL_ENABLE_DEBUG_INFO = NO;
				SDKROOT = iphoneos;
				VALIDATE_PRODUCT = YES;
			};
			name = Release;
		};
		AAF90C5A1C13BD5300697E2A /* Debug */ = {
			isa = XCBuildConfiguration;
			baseConfigurationReference = 9D9F5FB4AB6A32AB644EB64C /* Pods-CarFinder.debug.xcconfig */;
			buildSettings = {
				ASSETCATALOG_COMPILER_APPICON_NAME = AppIcon;
				CLANG_ENABLE_MODULES = YES;
				INFOPLIST_FILE = CarFinder/Info.plist;
				LD_RUNPATH_SEARCH_PATHS = "$(inherited) @executable_path/Frameworks";
				PRODUCT_BUNDLE_IDENTIFIER = com.tiy.CarFinder;
				PRODUCT_NAME = "$(TARGET_NAME)";
				SWIFT_OBJC_BRIDGING_HEADER = "CarFinder/CarFinder-Bridging-Header.h";
				SWIFT_OPTIMIZATION_LEVEL = "-Onone";
			};
			name = Debug;
		};
		AAF90C5B1C13BD5300697E2A /* Release */ = {
			isa = XCBuildConfiguration;
			baseConfigurationReference = 5F229C94E25452F7CE283E31 /* Pods-CarFinder.release.xcconfig */;
			buildSettings = {
				ASSETCATALOG_COMPILER_APPICON_NAME = AppIcon;
				CLANG_ENABLE_MODULES = YES;
				INFOPLIST_FILE = CarFinder/Info.plist;
				LD_RUNPATH_SEARCH_PATHS = "$(inherited) @executable_path/Frameworks";
				PRODUCT_BUNDLE_IDENTIFIER = com.tiy.CarFinder;
				PRODUCT_NAME = "$(TARGET_NAME)";
				SWIFT_OBJC_BRIDGING_HEADER = "CarFinder/CarFinder-Bridging-Header.h";
			};
			name = Release;
		};
/* End XCBuildConfiguration section */

/* Begin XCConfigurationList section */
		AAF90C3F1C13BD5300697E2A /* Build configuration list for PBXProject "CarFinder" */ = {
			isa = XCConfigurationList;
			buildConfigurations = (
				AAF90C571C13BD5300697E2A /* Debug */,
				AAF90C581C13BD5300697E2A /* Release */,
			);
			defaultConfigurationIsVisible = 0;
			defaultConfigurationName = Release;
		};
		AAF90C591C13BD5300697E2A /* Build configuration list for PBXNativeTarget "CarFinder" */ = {
			isa = XCConfigurationList;
			buildConfigurations = (
				AAF90C5A1C13BD5300697E2A /* Debug */,
				AAF90C5B1C13BD5300697E2A /* Release */,
			);
			defaultConfigurationIsVisible = 0;
			defaultConfigurationName = Release;
		};
/* End XCConfigurationList section */

/* Begin XCVersionGroup section */
		AAF90C4E1C13BD5300697E2A /* CarFinder.xcdatamodeld */ = {
			isa = XCVersionGroup;
			children = (
				AAF90C4F1C13BD5300697E2A /* CarFinder.xcdatamodel */,
			);
			currentVersion = AAF90C4F1C13BD5300697E2A /* CarFinder.xcdatamodel */;
			path = CarFinder.xcdatamodeld;
			sourceTree = "<group>";
			versionGroupType = wrapper.xcdatamodel;
		};
/* End XCVersionGroup section */
	};
	rootObject = AAF90C3C1C13BD5300697E2A /* Project object */;
}
