// !$*UTF8*$!
{
	archiveVersion = 1;
	classes = {
	};
	objectVersion = 46;
	objects = {

/* Begin PBXBuildFile section */
		AA1E6F411BD6AFF4005E1A66 /* AppDelegate.swift in Sources */ = {isa = PBXBuildFile; fileRef = AA1E6F401BD6AFF4005E1A66 /* AppDelegate.swift */; };
		AA1E6F461BD6AFF4005E1A66 /* Main.storyboard in Resources */ = {isa = PBXBuildFile; fileRef = AA1E6F441BD6AFF4005E1A66 /* Main.storyboard */; };
		AA1E6F491BD6AFF4005E1A66 /* To_Do.xcdatamodeld in Sources */ = {isa = PBXBuildFile; fileRef = AA1E6F471BD6AFF4005E1A66 /* To_Do.xcdatamodeld */; };
		AA1E6F4B1BD6AFF4005E1A66 /* Assets.xcassets in Resources */ = {isa = PBXBuildFile; fileRef = AA1E6F4A1BD6AFF4005E1A66 /* Assets.xcassets */; };
		AA1E6F4E1BD6AFF4005E1A66 /* LaunchScreen.storyboard in Resources */ = {isa = PBXBuildFile; fileRef = AA1E6F4C1BD6AFF4005E1A66 /* LaunchScreen.storyboard */; };
		AAE786781BD6B3E10090E0D9 /* ToDo+CoreDataProperties.swift in Sources */ = {isa = PBXBuildFile; fileRef = AAE786761BD6B3E10090E0D9 /* ToDo+CoreDataProperties.swift */; settings = {ASSET_TAGS = (); }; };
		AAE786791BD6B3E10090E0D9 /* ToDo.swift in Sources */ = {isa = PBXBuildFile; fileRef = AAE786771BD6B3E10090E0D9 /* ToDo.swift */; settings = {ASSET_TAGS = (); }; };
		AAE7867B1BD6BEAE0090E0D9 /* ToDoCell.swift in Sources */ = {isa = PBXBuildFile; fileRef = AAE7867A1BD6BEAE0090E0D9 /* ToDoCell.swift */; settings = {ASSET_TAGS = (); }; };
		AAE7867D1BD6C9FB0090E0D9 /* ToDoTableViewController.swift in Sources */ = {isa = PBXBuildFile; fileRef = AAE7867C1BD6C9FB0090E0D9 /* ToDoTableViewController.swift */; settings = {ASSET_TAGS = (); }; };
/* End PBXBuildFile section */

/* Begin PBXFileReference section */
		AA1E6F3D1BD6AFF4005E1A66 /* To-Do.app */ = {isa = PBXFileReference; explicitFileType = wrapper.application; includeInIndex = 0; path = "To-Do.app"; sourceTree = BUILT_PRODUCTS_DIR; };
		AA1E6F401BD6AFF4005E1A66 /* AppDelegate.swift */ = {isa = PBXFileReference; lastKnownFileType = sourcecode.swift; path = AppDelegate.swift; sourceTree = "<group>"; };
		AA1E6F451BD6AFF4005E1A66 /* Base */ = {isa = PBXFileReference; lastKnownFileType = file.storyboard; name = Base; path = Base.lproj/Main.storyboard; sourceTree = "<group>"; };
		AA1E6F481BD6AFF4005E1A66 /* To_Do.xcdatamodel */ = {isa = PBXFileReference; lastKnownFileType = wrapper.xcdatamodel; path = To_Do.xcdatamodel; sourceTree = "<group>"; };
		AA1E6F4A1BD6AFF4005E1A66 /* Assets.xcassets */ = {isa = PBXFileReference; lastKnownFileType = folder.assetcatalog; path = Assets.xcassets; sourceTree = "<group>"; };
		AA1E6F4D1BD6AFF4005E1A66 /* Base */ = {isa = PBXFileReference; lastKnownFileType = file.storyboard; name = Base; path = Base.lproj/LaunchScreen.storyboard; sourceTree = "<group>"; };
		AA1E6F4F1BD6AFF4005E1A66 /* Info.plist */ = {isa = PBXFileReference; lastKnownFileType = text.plist.xml; path = Info.plist; sourceTree = "<group>"; };
		AAE786761BD6B3E10090E0D9 /* ToDo+CoreDataProperties.swift */ = {isa = PBXFileReference; fileEncoding = 4; lastKnownFileType = sourcecode.swift; name = "ToDo+CoreDataProperties.swift"; path = "../ToDo+CoreDataProperties.swift"; sourceTree = "<group>"; };
		AAE786771BD6B3E10090E0D9 /* ToDo.swift */ = {isa = PBXFileReference; fileEncoding = 4; lastKnownFileType = sourcecode.swift; name = ToDo.swift; path = ../ToDo.swift; sourceTree = "<group>"; };
		AAE7867A1BD6BEAE0090E0D9 /* ToDoCell.swift */ = {isa = PBXFileReference; fileEncoding = 4; lastKnownFileType = sourcecode.swift; path = ToDoCell.swift; sourceTree = "<group>"; };
		AAE7867C1BD6C9FB0090E0D9 /* ToDoTableViewController.swift */ = {isa = PBXFileReference; fileEncoding = 4; lastKnownFileType = sourcecode.swift; path = ToDoTableViewController.swift; sourceTree = "<group>"; };
/* End PBXFileReference section */

/* Begin PBXFrameworksBuildPhase section */
		AA1E6F3A1BD6AFF4005E1A66 /* Frameworks */ = {
			isa = PBXFrameworksBuildPhase;
			buildActionMask = 2147483647;
			files = (
			);
			runOnlyForDeploymentPostprocessing = 0;
		};
/* End PBXFrameworksBuildPhase section */

/* Begin PBXGroup section */
		AA1E6F341BD6AFF4005E1A66 = {
			isa = PBXGroup;
			children = (
				AA1E6F3F1BD6AFF4005E1A66 /* To-Do */,
				AA1E6F3E1BD6AFF4005E1A66 /* Products */,
			);
			sourceTree = "<group>";
		};
		AA1E6F3E1BD6AFF4005E1A66 /* Products */ = {
			isa = PBXGroup;
			children = (
				AA1E6F3D1BD6AFF4005E1A66 /* To-Do.app */,
			);
			name = Products;
			sourceTree = "<group>";
		};
		AA1E6F3F1BD6AFF4005E1A66 /* To-Do */ = {
			isa = PBXGroup;
			children = (
				AA1E6F401BD6AFF4005E1A66 /* AppDelegate.swift */,
				AAE786761BD6B3E10090E0D9 /* ToDo+CoreDataProperties.swift */,
				AAE786771BD6B3E10090E0D9 /* ToDo.swift */,
				AAE7867A1BD6BEAE0090E0D9 /* ToDoCell.swift */,
				AAE7867C1BD6C9FB0090E0D9 /* ToDoTableViewController.swift */,
				AA1E6F441BD6AFF4005E1A66 /* Main.storyboard */,
				AA1E6F4A1BD6AFF4005E1A66 /* Assets.xcassets */,
				AA1E6F4C1BD6AFF4005E1A66 /* LaunchScreen.storyboard */,
				AA1E6F4F1BD6AFF4005E1A66 /* Info.plist */,
				AA1E6F471BD6AFF4005E1A66 /* To_Do.xcdatamodeld */,
			);
			path = "To-Do";
			sourceTree = "<group>";
		};
/* End PBXGroup section */

/* Begin PBXNativeTarget section */
		AA1E6F3C1BD6AFF4005E1A66 /* To-Do */ = {
			isa = PBXNativeTarget;
			buildConfigurationList = AA1E6F521BD6AFF4005E1A66 /* Build configuration list for PBXNativeTarget "To-Do" */;
			buildPhases = (
				AA1E6F391BD6AFF4005E1A66 /* Sources */,
				AA1E6F3A1BD6AFF4005E1A66 /* Frameworks */,
				AA1E6F3B1BD6AFF4005E1A66 /* Resources */,
			);
			buildRules = (
			);
			dependencies = (
			);
			name = "To-Do";
			productName = "To-Do";
			productReference = AA1E6F3D1BD6AFF4005E1A66 /* To-Do.app */;
			productType = "com.apple.product-type.application";
		};
/* End PBXNativeTarget section */

/* Begin PBXProject section */
		AA1E6F351BD6AFF4005E1A66 /* Project object */ = {
			isa = PBXProject;
			attributes = {
				LastUpgradeCheck = 0700;
				ORGANIZATIONNAME = "The Iron Yard";
				TargetAttributes = {
					AA1E6F3C1BD6AFF4005E1A66 = {
						CreatedOnToolsVersion = 7.0.1;
						DevelopmentTeam = HM7AP2V9SS;
					};
				};
			};
			buildConfigurationList = AA1E6F381BD6AFF4005E1A66 /* Build configuration list for PBXProject "To-Do" */;
			compatibilityVersion = "Xcode 3.2";
			developmentRegion = English;
			hasScannedForEncodings = 0;
			knownRegions = (
				en,
				Base,
			);
			mainGroup = AA1E6F341BD6AFF4005E1A66;
			productRefGroup = AA1E6F3E1BD6AFF4005E1A66 /* Products */;
			projectDirPath = "";
			projectRoot = "";
			targets = (
				AA1E6F3C1BD6AFF4005E1A66 /* To-Do */,
			);
		};
/* End PBXProject section */

/* Begin PBXResourcesBuildPhase section */
		AA1E6F3B1BD6AFF4005E1A66 /* Resources */ = {
			isa = PBXResourcesBuildPhase;
			buildActionMask = 2147483647;
			files = (
				AA1E6F4E1BD6AFF4005E1A66 /* LaunchScreen.storyboard in Resources */,
				AA1E6F4B1BD6AFF4005E1A66 /* Assets.xcassets in Resources */,
				AA1E6F461BD6AFF4005E1A66 /* Main.storyboard in Resources */,
			);
			runOnlyForDeploymentPostprocessing = 0;
		};
/* End PBXResourcesBuildPhase section */

/* Begin PBXSourcesBuildPhase section */
		AA1E6F391BD6AFF4005E1A66 /* Sources */ = {
			isa = PBXSourcesBuildPhase;
			buildActionMask = 2147483647;
			files = (
				AA1E6F491BD6AFF4005E1A66 /* To_Do.xcdatamodeld in Sources */,
				AAE7867D1BD6C9FB0090E0D9 /* ToDoTableViewController.swift in Sources */,
				AAE7867B1BD6BEAE0090E0D9 /* ToDoCell.swift in Sources */,
				AAE786791BD6B3E10090E0D9 /* ToDo.swift in Sources */,
				AAE786781BD6B3E10090E0D9 /* ToDo+CoreDataProperties.swift in Sources */,
				AA1E6F411BD6AFF4005E1A66 /* AppDelegate.swift in Sources */,
			);
			runOnlyForDeploymentPostprocessing = 0;
		};
/* End PBXSourcesBuildPhase section */

/* Begin PBXVariantGroup section */
		AA1E6F441BD6AFF4005E1A66 /* Main.storyboard */ = {
			isa = PBXVariantGroup;
			children = (
				AA1E6F451BD6AFF4005E1A66 /* Base */,
			);
			name = Main.storyboard;
			sourceTree = "<group>";
		};
		AA1E6F4C1BD6AFF4005E1A66 /* LaunchScreen.storyboard */ = {
			isa = PBXVariantGroup;
			children = (
				AA1E6F4D1BD6AFF4005E1A66 /* Base */,
			);
			name = LaunchScreen.storyboard;
			sourceTree = "<group>";
		};
/* End PBXVariantGroup section */

/* Begin XCBuildConfiguration section */
		AA1E6F501BD6AFF4005E1A66 /* Debug */ = {
			isa = XCBuildConfiguration;
			buildSettings = {
				ALWAYS_SEARCH_USER_PATHS = NO;
				CLANG_CXX_LANGUAGE_STANDARD = "gnu++0x";
				CLANG_CXX_LIBRARY = "libc++";
				CLANG_ENABLE_MODULES = YES;
				CLANG_ENABLE_OBJC_ARC = YES;
				CLANG_WARN_BOOL_CONVERSION = YES;
				CLANG_WARN_CONSTANT_CONVERSION = YES;
				CLANG_WARN_DIRECT_OBJC_ISA_USAGE = YES_ERROR;
				CLANG_WARN_EMPTY_BODY = YES;
				CLANG_WARN_ENUM_CONVERSION = YES;
				CLANG_WARN_INT_CONVERSION = YES;
				CLANG_WARN_OBJC_ROOT_CLASS = YES_ERROR;
				CLANG_WARN_UNREACHABLE_CODE = YES;
				CLANG_WARN__DUPLICATE_METHOD_MATCH = YES;
				"CODE_SIGN_IDENTITY[sdk=iphoneos*]" = "iPhone Developer";
				COPY_PHASE_STRIP = NO;
				DEBUG_INFORMATION_FORMAT = dwarf;
				ENABLE_STRICT_OBJC_MSGSEND = YES;
				ENABLE_TESTABILITY = YES;
				GCC_C_LANGUAGE_STANDARD = gnu99;
				GCC_DYNAMIC_NO_PIC = NO;
				GCC_NO_COMMON_BLOCKS = YES;
				GCC_OPTIMIZATION_LEVEL = 0;
				GCC_PREPROCESSOR_DEFINITIONS = (
					"DEBUG=1",
					"$(inherited)",
				);
				GCC_WARN_64_TO_32_BIT_CONVERSION = YES;
				GCC_WARN_ABOUT_RETURN_TYPE = YES_ERROR;
				GCC_WARN_UNDECLARED_SELECTOR = YES;
				GCC_WARN_UNINITIALIZED_AUTOS = YES_AGGRESSIVE;
				GCC_WARN_UNUSED_FUNCTION = YES;
				GCC_WARN_UNUSED_VARIABLE = YES;
				IPHONEOS_DEPLOYMENT_TARGET = 9.0;
				MTL_ENABLE_DEBUG_INFO = YES;
				ONLY_ACTIVE_ARCH = YES;
				SDKROOT = iphoneos;
				SWIFT_OPTIMIZATION_LEVEL = "-Onone";
			};
			name = Debug;
		};
		AA1E6F511BD6AFF4005E1A66 /* Release */ = {
			isa = XCBuildConfiguration;
			buildSettings = {
				ALWAYS_SEARCH_USER_PATHS = NO;
				CLANG_CXX_LANGUAGE_STANDARD = "gnu++0x";
				CLANG_CXX_LIBRARY = "libc++";
				CLANG_ENABLE_MODULES = YES;
				CLANG_ENABLE_OBJC_ARC = YES;
				CLANG_WARN_BOOL_CONVERSION = YES;
				CLANG_WARN_CONSTANT_CONVERSION = YES;
				CLANG_WARN_DIRECT_OBJC_ISA_USAGE = YES_ERROR;
				CLANG_WARN_EMPTY_BODY = YES;
				CLANG_WARN_ENUM_CONVERSION = YES;
				CLANG_WARN_INT_CONVERSION = YES;
				CLANG_WARN_OBJC_ROOT_CLASS = YES_ERROR;
				CLANG_WARN_UNREACHABLE_CODE = YES;
				CLANG_WARN__DUPLICATE_METHOD_MATCH = YES;
				"CODE_SIGN_IDENTITY[sdk=iphoneos*]" = "iPhone Developer";
				COPY_PHASE_STRIP = NO;
				DEBUG_INFORMATION_FORMAT = "dwarf-with-dsym";
				ENABLE_NS_ASSERTIONS = NO;
				ENABLE_STRICT_OBJC_MSGSEND = YES;
				GCC_C_LANGUAGE_STANDARD = gnu99;
				GCC_NO_COMMON_BLOCKS = YES;
				GCC_WARN_64_TO_32_BIT_CONVERSION = YES;
				GCC_WARN_ABOUT_RETURN_TYPE = YES_ERROR;
				GCC_WARN_UNDECLARED_SELECTOR = YES;
				GCC_WARN_UNINITIALIZED_AUTOS = YES_AGGRESSIVE;
				GCC_WARN_UNUSED_FUNCTION = YES;
				GCC_WARN_UNUSED_VARIABLE = YES;
				IPHONEOS_DEPLOYMENT_TARGET = 9.0;
				MTL_ENABLE_DEBUG_INFO = NO;
				SDKROOT = iphoneos;
				VALIDATE_PRODUCT = YES;
			};
			name = Release;
		};
		AA1E6F531BD6AFF4005E1A66 /* Debug */ = {
			isa = XCBuildConfiguration;
			buildSettings = {
				ASSETCATALOG_COMPILER_APPICON_NAME = AppIcon;
				INFOPLIST_FILE = "To-Do/Info.plist";
				LD_RUNPATH_SEARCH_PATHS = "$(inherited) @executable_path/Frameworks";
				PRODUCT_BUNDLE_IDENTIFIER = "com.tiy.To-Do";
				PRODUCT_NAME = "$(TARGET_NAME)";
			};
			name = Debug;
		};
		AA1E6F541BD6AFF4005E1A66 /* Release */ = {
			isa = XCBuildConfiguration;
			buildSettings = {
				ASSETCATALOG_COMPILER_APPICON_NAME = AppIcon;
				INFOPLIST_FILE = "To-Do/Info.plist";
				LD_RUNPATH_SEARCH_PATHS = "$(inherited) @executable_path/Frameworks";
				PRODUCT_BUNDLE_IDENTIFIER = "com.tiy.To-Do";
				PRODUCT_NAME = "$(TARGET_NAME)";
			};
			name = Release;
		};
/* End XCBuildConfiguration section */

/* Begin XCConfigurationList section */
		AA1E6F381BD6AFF4005E1A66 /* Build configuration list for PBXProject "To-Do" */ = {
			isa = XCConfigurationList;
			buildConfigurations = (
				AA1E6F501BD6AFF4005E1A66 /* Debug */,
				AA1E6F511BD6AFF4005E1A66 /* Release */,
			);
			defaultConfigurationIsVisible = 0;
			defaultConfigurationName = Release;
		};
		AA1E6F521BD6AFF4005E1A66 /* Build configuration list for PBXNativeTarget "To-Do" */ = {
			isa = XCConfigurationList;
			buildConfigurations = (
				AA1E6F531BD6AFF4005E1A66 /* Debug */,
				AA1E6F541BD6AFF4005E1A66 /* Release */,
			);
			defaultConfigurationIsVisible = 0;
			defaultConfigurationName = Release;
		};
/* End XCConfigurationList section */

/* Begin XCVersionGroup section */
		AA1E6F471BD6AFF4005E1A66 /* To_Do.xcdatamodeld */ = {
			isa = XCVersionGroup;
			children = (
				AA1E6F481BD6AFF4005E1A66 /* To_Do.xcdatamodel */,
			);
			currentVersion = AA1E6F481BD6AFF4005E1A66 /* To_Do.xcdatamodel */;
			path = To_Do.xcdatamodeld;
			sourceTree = "<group>";
			versionGroupType = wrapper.xcdatamodel;
		};
/* End XCVersionGroup section */
	};
	rootObject = AA1E6F351BD6AFF4005E1A66 /* Project object */;
}
